
Microsoft Visual Studio Solution File, Format Version 12.00
# Visual Studio Version 17
VisualStudioVersion = 17.13.35931.197 d17.13
MinimumVisualStudioVersion = 10.0.40219.1
Project("{FAE04EC0-301F-11D3-BF4B-00C04F79EFBC}") = "DoctorAppointmentApi", "DoctorAppointmentApi\DoctorAppointmentApi.csproj", "{46E1BAFB-E851-4279-B6C8-3A146CAA1E21}"
EndProject
Global
	GlobalSection(SolutionConfigurationPlatforms) = preSolution
		Debug|Any CPU = Debug|Any CPU
		Release|Any CPU = Release|Any CPU
	EndGlobalSection
	GlobalSection(ProjectConfigurationPlatforms) = postSolution
		{46E1BAFB-E851-4279-B6C8-3A146CAA1E21}.Debug|Any CPU.ActiveCfg = Debug|Any CPU
		{46E1BAFB-E851-4279-B6C8-3A146CAA1E21}.Debug|Any CPU.Build.0 = Debug|Any CPU
		{46E1BAFB-E851-4279-B6C8-3A146CAA1E21}.Release|Any CPU.ActiveCfg = Release|Any CPU
		{46E1BAFB-E851-4279-B6C8-3A146CAA1E21}.Release|Any CPU.Build.0 = Release|Any CPU
	EndGlobalSection
	GlobalSection(SolutionProperties) = preSolution
		HideSolutionNode = FALSE
	EndGlobalSection
	GlobalSection(ExtensibilityGlobals) = postSolution
		SolutionGuid = {AE825E2B-7AC0-4BB8-A6B1-5A0E6FA4ECED}
	EndGlobalSection
EndGlobal
